
Microsoft Visual Studio Solution File, Format Version 12.00
# Visual Studio Version 17
VisualStudioVersion = 17.10.35122.118
MinimumVisualStudioVersion = 10.0.40219.1
Project("{FAE04EC0-301F-11D3-BF4B-00C04F79EFBC}") = "PRG.EVA.BlackJack", "PRG.EVA.BlackJack\PRG.EVA.BlackJack.csproj", "{6840688F-0298-4C0A-BA62-7F16F6C22A29}"
EndProject
Global
	GlobalSection(SolutionConfigurationPlatforms) = preSolution
		Debug|Any CPU = Debug|Any CPU
		Release|Any CPU = Release|Any CPU
	EndGlobalSection
	GlobalSection(ProjectConfigurationPlatforms) = postSolution
		{6840688F-0298-4C0A-BA62-7F16F6C22A29}.Debug|Any CPU.ActiveCfg = Debug|Any CPU
		{6840688F-0298-4C0A-BA62-7F16F6C22A29}.Debug|Any CPU.Build.0 = Debug|Any CPU
		{6840688F-0298-4C0A-BA62-7F16F6C22A29}.Release|Any CPU.ActiveCfg = Release|Any CPU
		{6840688F-0298-4C0A-BA62-7F16F6C22A29}.Release|Any CPU.Build.0 = Release|Any CPU
	EndGlobalSection
	GlobalSection(SolutionProperties) = preSolution
		HideSolutionNode = FALSE
	EndGlobalSection
	GlobalSection(ExtensibilityGlobals) = postSolution
		SolutionGuid = {A5FF8EA7-6D41-43FD-B038-A2BF637C8A81}
	EndGlobalSection
EndGlobal
